// !$*UTF8*$!
{
	archiveVersion = 1;
	classes = {
	};
	objectVersion = 77;
	objects = {

/* Begin PBXBuildFile section */
		E44C62CF2FA1A62500811B8D /* keyboard.appex in Embed Foundation Extensions */ = {isa = PBXBuildFile; fileRef = E44C62C82FA1A62500811B8D /* keyboard.appex */; settings = {ATTRIBUTES = (RemoveHeadersOnCopy, ); }; };
		E4D0E52E2FAB1B9F0014FBCB /* UserDefaults.swift in Sources */ = {isa = PBXBuildFile; fileRef = E4D0E52D2FAB1B9D0014FBCB /* UserDefaults.swift */; };
		E4D0E52F2FAB1C060014FBCB /* UserDefaults.swift in Sources */ = {isa = PBXBuildFile; fileRef = E4D0E52D2FAB1B9D0014FBCB /* UserDefaults.swift */; };
/* End PBXBuildFile section */

/* Begin PBXContainerItemProxy section */
		E44C62A82FA1A5F800811B8D /* PBXContainerItemProxy */ = {
			isa = PBXContainerItemProxy;
			containerPortal = E44C62922FA1A5F500811B8D /* Project object */;
			proxyType = 1;
			remoteGlobalIDString = E44C62992FA1A5F500811B8D;
			remoteInfo = "morse keyboard";
		};
		E44C62B22FA1A5F800811B8D /* PBXContainerItemProxy */ = {
			isa = PBXContainerItemProxy;
			containerPortal = E44C62922FA1A5F500811B8D /* Project object */;
			proxyType = 1;
			remoteGlobalIDString = E44C62992FA1A5F500811B8D;
			remoteInfo = "morse keyboard";
		};
		E44C62CD2FA1A62500811B8D /* PBXContainerItemProxy */ = {
			isa = PBXContainerItemProxy;
			containerPortal = E44C62922FA1A5F500811B8D /* Project object */;
			proxyType = 1;
			remoteGlobalIDString = E44C62C72FA1A62500811B8D;
			remoteInfo = keyboard;
		};
/* End PBXContainerItemProxy section */

/* Begin PBXCopyFilesBuildPhase section */
		E44C62D42FA1A62500811B8D /* Embed Foundation Extensions */ = {
			isa = PBXCopyFilesBuildPhase;
			buildActionMask = 2147483647;
			dstPath = "";
			dstSubfolderSpec = 13;
			files = (
				E44C62CF2FA1A62500811B8D /* keyboard.appex in Embed Foundation Extensions */,
			);
			name = "Embed Foundation Extensions";
			runOnlyForDeploymentPostprocessing = 0;
		};
/* End PBXCopyFilesBuildPhase section */

/* Begin PBXFileReference section */
		E44C629A2FA1A5F500811B8D /* morse keyboard.app */ = {isa = PBXFileReference; explicitFileType = wrapper.application; includeInIndex = 0; path = "morse keyboard.app"; sourceTree = BUILT_PRODUCTS_DIR; };
		E44C62A72FA1A5F800811B8D /* morse keyboardTests.xctest */ = {isa = PBXFileReference; explicitFileType = wrapper.cfbundle; includeInIndex = 0; path = "morse keyboardTests.xctest"; sourceTree = BUILT_PRODUCTS_DIR; };
		E44C62B12FA1A5F800811B8D /* morse keyboardUITests.xctest */ = {isa = PBXFileReference; explicitFileType = wrapper.cfbundle; includeInIndex = 0; path = "morse keyboardUITests.xctest"; sourceTree = BUILT_PRODUCTS_DIR; };
		E44C62C82FA1A62500811B8D /* keyboard.appex */ = {isa = PBXFileReference; explicitFileType = "wrapper.app-extension"; includeInIndex = 0; path = keyboard.appex; sourceTree = BUILT_PRODUCTS_DIR; };
		E4D0E52D2FAB1B9D0014FBCB /* UserDefaults.swift */ = {isa = PBXFileReference; lastKnownFileType = sourcecode.swift; path = UserDefaults.swift; sourceTree = "<group>"; };
/* End PBXFileReference section */

/* Begin PBXFileSystemSynchronizedBuildFileExceptionSet section */
		E44C62D02FA1A62500811B8D /* Exceptions for "keyboard" folder in "keyboard" target */ = {
			isa = PBXFileSystemSynchronizedBuildFileExceptionSet;
			membershipExceptions = (
				Info.plist,
			);
			target = E44C62C72FA1A62500811B8D /* keyboard */;
		};
		E4D0E5272FAB18F70014FBCB /* Exceptions for "keyboard" folder in "morse keyboard" target */ = {
			isa = PBXFileSystemSynchronizedBuildFileExceptionSet;
			membershipExceptions = (
				KeyboardView.swift,
				MorseSoundManager.swift,
			);
			target = E44C62992FA1A5F500811B8D /* morse keyboard */;
		};
/* End PBXFileSystemSynchronizedBuildFileExceptionSet section */

/* Begin PBXFileSystemSynchronizedRootGroup section */
		E44C629C2FA1A5F500811B8D /* morse keyboard */ = {
			isa = PBXFileSystemSynchronizedRootGroup;
			path = "morse keyboard";
			sourceTree = "<group>";
		};
		E44C62AA2FA1A5F800811B8D /* morse keyboardTests */ = {
			isa = PBXFileSystemSynchronizedRootGroup;
			path = "morse keyboardTests";
			sourceTree = "<group>";
		};
		E44C62B42FA1A5F800811B8D /* morse keyboardUITests */ = {
			isa = PBXFileSystemSynchronizedRootGroup;
			path = "morse keyboardUITests";
			sourceTree = "<group>";
		};
		E44C62C92FA1A62500811B8D /* keyboard */ = {
			isa = PBXFileSystemSynchronizedRootGroup;
			exceptions = (
				E4D0E5272FAB18F70014FBCB /* Exceptions for "keyboard" folder in "morse keyboard" target */,
				E44C62D02FA1A62500811B8D /* Exceptions for "keyboard" folder in "keyboard" target */,
			);
			path = keyboard;
			sourceTree = "<group>";
		};
/* End PBXFileSystemSynchronizedRootGroup section */

/* Begin PBXFrameworksBuildPhase section */
		E44C62972FA1A5F500811B8D /* Frameworks */ = {
			isa = PBXFrameworksBuildPhase;
			buildActionMask = 2147483647;
			files = (
			);
			runOnlyForDeploymentPostprocessing = 0;
		};
		E44C62A42FA1A5F800811B8D /* Frameworks */ = {
			isa = PBXFrameworksBuildPhase;
			buildActionMask = 2147483647;
			files = (
			);
			runOnlyForDeploymentPostprocessing = 0;
		};
		E44C62AE2FA1A5F800811B8D /* Frameworks */ = {
			isa = PBXFrameworksBuildPhase;
			buildActionMask = 2147483647;
			files = (
			);
			runOnlyForDeploymentPostprocessing = 0;
		};
		E44C62C52FA1A62500811B8D /* Frameworks */ = {
			isa = PBXFrameworksBuildPhase;
			buildActionMask = 2147483647;
			files = (
			);
			runOnlyForDeploymentPostprocessing = 0;
		};
/* End PBXFrameworksBuildPhase section */

/* Begin PBXGroup section */
		E44C62912FA1A5F500811B8D = {
			isa = PBXGroup;
			children = (
				E4D0E52D2FAB1B9D0014FBCB /* UserDefaults.swift */,
				E44C629C2FA1A5F500811B8D /* morse keyboard */,
				E44C62AA2FA1A5F800811B8D /* morse keyboardTests */,
				E44C62B42FA1A5F800811B8D /* morse keyboardUITests */,
				E44C62C92FA1A62500811B8D /* keyboard */,
				E44C629B2FA1A5F500811B8D /* Products */,
			);
			sourceTree = "<group>";
		};
		E44C629B2FA1A5F500811B8D /* Products */ = {
			isa = PBXGroup;
			children = (
				E44C629A2FA1A5F500811B8D /* morse keyboard.app */,
				E44C62A72FA1A5F800811B8D /* morse keyboardTests.xctest */,
				E44C62B12FA1A5F800811B8D /* morse keyboardUITests.xctest */,
				E44C62C82FA1A62500811B8D /* keyboard.appex */,
			);
			name = Products;
			sourceTree = "<group>";
		};
/* End PBXGroup section */

/* Begin PBXNativeTarget section */
		E44C62992FA1A5F500811B8D /* morse keyboard */ = {
			isa = PBXNativeTarget;
			buildConfigurationList = E44C62BB2FA1A5F800811B8D /* Build configuration list for PBXNativeTarget "morse keyboard" */;
			buildPhases = (
				E44C62962FA1A5F500811B8D /* Sources */,
				E44C62972FA1A5F500811B8D /* Frameworks */,
				E44C62982FA1A5F500811B8D /* Resources */,
				E44C62D42FA1A62500811B8D /* Embed Foundation Extensions */,
			);
			buildRules = (
			);
			dependencies = (
				E44C62CE2FA1A62500811B8D /* PBXTargetDependency */,
			);
			fileSystemSynchronizedGroups = (
				E44C629C2FA1A5F500811B8D /* morse keyboard */,
			);
			name = "morse keyboard";
			packageProductDependencies = (
			);
			productName = "morse keyboard";
			productReference = E44C629A2FA1A5F500811B8D /* morse keyboard.app */;
			productType = "com.apple.product-type.application";
		};
		E44C62A62FA1A5F800811B8D /* morse keyboardTests */ = {
			isa = PBXNativeTarget;
			buildConfigurationList = E44C62BE2FA1A5F800811B8D /* Build configuration list for PBXNativeTarget "morse keyboardTests" */;
			buildPhases = (
				E44C62A32FA1A5F800811B8D /* Sources */,
				E44C62A42FA1A5F800811B8D /* Frameworks */,
				E44C62A52FA1A5F800811B8D /* Resources */,
			);
			buildRules = (
			);
			dependencies = (
				E44C62A92FA1A5F800811B8D /* PBXTargetDependency */,
			);
			fileSystemSynchronizedGroups = (
				E44C62AA2FA1A5F800811B8D /* morse keyboardTests */,
			);
			name = "morse keyboardTests";
			packageProductDependencies = (
			);
			productName = "morse keyboardTests";
			productReference = E44C62A72FA1A5F800811B8D /* morse keyboardTests.xctest */;
			productType = "com.apple.product-type.bundle.unit-test";
		};
		E44C62B02FA1A5F800811B8D /* morse keyboardUITests */ = {
			isa = PBXNativeTarget;
			buildConfigurationList = E44C62C12FA1A5F800811B8D /* Build configuration list for PBXNativeTarget "morse keyboardUITests" */;
			buildPhases = (
				E44C62AD2FA1A5F800811B8D /* Sources */,
				E44C62AE2FA1A5F800811B8D /* Frameworks */,
				E44C62AF2FA1A5F800811B8D /* Resources */,
			);
			buildRules = (
			);
			dependencies = (
				E44C62B32FA1A5F800811B8D /* PBXTargetDependency */,
			);
			fileSystemSynchronizedGroups = (
				E44C62B42FA1A5F800811B8D /* morse keyboardUITests */,
			);
			name = "morse keyboardUITests";
			packageProductDependencies = (
			);
			productName = "morse keyboardUITests";
			productReference = E44C62B12FA1A5F800811B8D /* morse keyboardUITests.xctest */;
			productType = "com.apple.product-type.bundle.ui-testing";
		};
		E44C62C72FA1A62500811B8D /* keyboard */ = {
			isa = PBXNativeTarget;
			buildConfigurationList = E44C62D12FA1A62500811B8D /* Build configuration list for PBXNativeTarget "keyboard" */;
			buildPhases = (
				E44C62C42FA1A62500811B8D /* Sources */,
				E44C62C52FA1A62500811B8D /* Frameworks */,
				E44C62C62FA1A62500811B8D /* Resources */,
			);
			buildRules = (
			);
			dependencies = (
			);
			fileSystemSynchronizedGroups = (
				E44C62C92FA1A62500811B8D /* keyboard */,
			);
			name = keyboard;
			packageProductDependencies = (
			);
			productName = keyboard;
			productReference = E44C62C82FA1A62500811B8D /* keyboard.appex */;
			productType = "com.apple.product-type.app-extension";
		};
/* End PBXNativeTarget section */

/* Begin PBXProject section */
		E44C62922FA1A5F500811B8D /* Project object */ = {
			isa = PBXProject;
			attributes = {
				BuildIndependentTargetsInParallel = 1;
				LastSwiftUpdateCheck = 2640;
				LastUpgradeCheck = 2640;
				TargetAttributes = {
					E44C62992FA1A5F500811B8D = {
						CreatedOnToolsVersion = 26.4.1;
					};
					E44C62A62FA1A5F800811B8D = {
						CreatedOnToolsVersion = 26.4.1;
						TestTargetID = E44C62992FA1A5F500811B8D;
					};
					E44C62B02FA1A5F800811B8D = {
						CreatedOnToolsVersion = 26.4.1;
						TestTargetID = E44C62992FA1A5F500811B8D;
					};
					E44C62C72FA1A62500811B8D = {
						CreatedOnToolsVersion = 26.4.1;
					};
				};
			};
			buildConfigurationList = E44C62952FA1A5F500811B8D /* Build configuration list for PBXProject "morse keyboard" */;
			developmentRegion = en;
			hasScannedForEncodings = 0;
			knownRegions = (
				en,
				Base,
			);
			mainGroup = E44C62912FA1A5F500811B8D;
			minimizedProjectReferenceProxies = 1;
			preferredProjectObjectVersion = 77;
			productRefGroup = E44C629B2FA1A5F500811B8D /* Products */;
			projectDirPath = "";
			projectRoot = "";
			targets = (
				E44C62992FA1A5F500811B8D /* morse keyboard */,
				E44C62A62FA1A5F800811B8D /* morse keyboardTests */,
				E44C62B02FA1A5F800811B8D /* morse keyboardUITests */,
				E44C62C72FA1A62500811B8D /* keyboard */,
			);
		};
/* End PBXProject section */

/* Begin PBXResourcesBuildPhase section */
		E44C62982FA1A5F500811B8D /* Resources */ = {
			isa = PBXResourcesBuildPhase;
			buildActionMask = 2147483647;
			files = (
			);
			runOnlyForDeploymentPostprocessing = 0;
		};
		E44C62A52FA1A5F800811B8D /* Resources */ = {
			isa = PBXResourcesBuildPhase;
			buildActionMask = 2147483647;
			files = (
			);
			runOnlyForDeploymentPostprocessing = 0;
		};
		E44C62AF2FA1A5F800811B8D /* Resources */ = {
			isa = PBXResourcesBuildPhase;
			buildActionMask = 2147483647;
			files = (
			);
			runOnlyForDeploymentPostprocessing = 0;
		};
		E44C62C62FA1A62500811B8D /* Resources */ = {
			isa = PBXResourcesBuildPhase;
			buildActionMask = 2147483647;
			files = (
			);
			runOnlyForDeploymentPostprocessing = 0;
		};
/* End PBXResourcesBuildPhase section */

/* Begin PBXSourcesBuildPhase section */
		E44C62962FA1A5F500811B8D /* Sources */ = {
			isa = PBXSourcesBuildPhase;
			buildActionMask = 2147483647;
			files = (
				E4D0E52F2FAB1C060014FBCB /* UserDefaults.swift in Sources */,
			);
			runOnlyForDeploymentPostprocessing = 0;
		};
		E44C62A32FA1A5F800811B8D /* Sources */ = {
			isa = PBXSourcesBuildPhase;
			buildActionMask = 2147483647;
			files = (
			);
			runOnlyForDeploymentPostprocessing = 0;
		};
		E44C62AD2FA1A5F800811B8D /* Sources */ = {
			isa = PBXSourcesBuildPhase;
			buildActionMask = 2147483647;
			files = (
			);
			runOnlyForDeploymentPostprocessing = 0;
		};
		E44C62C42FA1A62500811B8D /* Sources */ = {
			isa = PBXSourcesBuildPhase;
			buildActionMask = 2147483647;
			files = (
				E4D0E52E2FAB1B9F0014FBCB /* UserDefaults.swift in Sources */,
			);
			runOnlyForDeploymentPostprocessing = 0;
		};
/* End PBXSourcesBuildPhase section */

/* Begin PBXTargetDependency section */
		E44C62A92FA1A5F800811B8D /* PBXTargetDependency */ = {
			isa = PBXTargetDependency;
			target = E44C62992FA1A5F500811B8D /* morse keyboard */;
			targetProxy = E44C62A82FA1A5F800811B8D /* PBXContainerItemProxy */;
		};
		E44C62B32FA1A5F800811B8D /* PBXTargetDependency */ = {
			isa = PBXTargetDependency;
			target = E44C62992FA1A5F500811B8D /* morse keyboard */;
			targetProxy = E44C62B22FA1A5F800811B8D /* PBXContainerItemProxy */;
		};
		E44C62CE2FA1A62500811B8D /* PBXTargetDependency */ = {
			isa = PBXTargetDependency;
			target = E44C62C72FA1A62500811B8D /* keyboard */;
			targetProxy = E44C62CD2FA1A62500811B8D /* PBXContainerItemProxy */;
		};
/* End PBXTargetDependency section */

/* Begin XCBuildConfiguration section */
		E44C62B92FA1A5F800811B8D /* Debug */ = {
			isa = XCBuildConfiguration;
			buildSettings = {
				ALWAYS_SEARCH_USER_PATHS = NO;
				ASSETCATALOG_COMPILER_GENERATE_SWIFT_ASSET_SYMBOL_EXTENSIONS = YES;
				CLANG_ANALYZER_NONNULL = YES;
				CLANG_ANALYZER_NUMBER_OBJECT_CONVERSION = YES_AGGRESSIVE;
				CLANG_CXX_LANGUAGE_STANDARD = "gnu++20";
				CLANG_ENABLE_MODULES = YES;
				CLANG_ENABLE_OBJC_ARC = YES;
				CLANG_ENABLE_OBJC_WEAK = YES;
				CLANG_WARN_BLOCK_CAPTURE_AUTORELEASING = YES;
				CLANG_WARN_BOOL_CONVERSION = YES;
				CLANG_WARN_COMMA = YES;
				CLANG_WARN_CONSTANT_CONVERSION = YES;
				CLANG_WARN_DEPRECATED_OBJC_IMPLEMENTATIONS = YES;
				CLANG_WARN_DIRECT_OBJC_ISA_USAGE = YES_ERROR;
				CLANG_WARN_DOCUMENTATION_COMMENTS = YES;
				CLANG_WARN_EMPTY_BODY = YES;
				CLANG_WARN_ENUM_CONVERSION = YES;
				CLANG_WARN_INFINITE_RECURSION = YES;
				CLANG_WARN_INT_CONVERSION = YES;
				CLANG_WARN_NON_LITERAL_NULL_CONVERSION = YES;
				CLANG_WARN_OBJC_IMPLICIT_RETAIN_SELF = YES;
				CLANG_WARN_OBJC_LITERAL_CONVERSION = YES;
				CLANG_WARN_OBJC_ROOT_CLASS = YES_ERROR;
				CLANG_WARN_QUOTED_INCLUDE_IN_FRAMEWORK_HEADER = YES;
				CLANG_WARN_RANGE_LOOP_ANALYSIS = YES;
				CLANG_WARN_STRICT_PROTOTYPES = YES;
				CLANG_WARN_SUSPICIOUS_MOVE = YES;
				CLANG_WARN_UNGUARDED_AVAILABILITY = YES_AGGRESSIVE;
				CLANG_WARN_UNREACHABLE_CODE = YES;
				CLANG_WARN__DUPLICATE_METHOD_MATCH = YES;
				COPY_PHASE_STRIP = NO;
				DEBUG_INFORMATION_FORMAT = dwarf;
				DEVELOPMENT_TEAM = H4WKN2FSH3;
				ENABLE_STRICT_OBJC_MSGSEND = YES;
				ENABLE_TESTABILITY = YES;
				ENABLE_USER_SCRIPT_SANDBOXING = YES;
				EXCLUDED_ARCHS = "";
				GCC_C_LANGUAGE_STANDARD = gnu17;
				GCC_DYNAMIC_NO_PIC = NO;
				GCC_NO_COMMON_BLOCKS = YES;
				GCC_OPTIMIZATION_LEVEL = 0;
				GCC_PREPROCESSOR_DEFINITIONS = (
					"DEBUG=1",
					"$(inherited)",
				);
				GCC_WARN_64_TO_32_BIT_CONVERSION = YES;
				GCC_WARN_ABOUT_RETURN_TYPE = YES_ERROR;
				GCC_WARN_UNDECLARED_SELECTOR = YES;
				GCC_WARN_UNINITIALIZED_AUTOS = YES_AGGRESSIVE;
				GCC_WARN_UNUSED_FUNCTION = YES;
				GCC_WARN_UNUSED_VARIABLE = YES;
				IPHONEOS_DEPLOYMENT_TARGET = 26.0;
				LOCALIZATION_PREFERS_STRING_CATALOGS = YES;
				MTL_ENABLE_DEBUG_INFO = INCLUDE_SOURCE;
				MTL_FAST_MATH = YES;
				ONLY_ACTIVE_ARCH = YES;
				PRODUCT_NAME = "";
				SDKROOT = iphoneos;
				SWIFT_ACTIVE_COMPILATION_CONDITIONS = "DEBUG $(inherited)";
				SWIFT_OPTIMIZATION_LEVEL = "-Onone";
			};
			name = Debug;
		};
		E44C62BA2FA1A5F800811B8D /* Release */ = {
			isa = XCBuildConfiguration;
			buildSettings = {
				ALWAYS_SEARCH_USER_PATHS = NO;
				ASSETCATALOG_COMPILER_GENERATE_SWIFT_ASSET_SYMBOL_EXTENSIONS = YES;
				CLANG_ANALYZER_NONNULL = YES;
				CLANG_ANALYZER_NUMBER_OBJECT_CONVERSION = YES_AGGRESSIVE;
				CLANG_CXX_LANGUAGE_STANDARD = "gnu++20";
				CLANG_ENABLE_MODULES = YES;
				CLANG_ENABLE_OBJC_ARC = YES;
				CLANG_ENABLE_OBJC_WEAK = YES;
				CLANG_WARN_BLOCK_CAPTURE_AUTORELEASING = YES;
				CLANG_WARN_BOOL_CONVERSION = YES;
				CLANG_WARN_COMMA = YES;
				CLANG_WARN_CONSTANT_CONVERSION = YES;
				CLANG_WARN_DEPRECATED_OBJC_IMPLEMENTATIONS = YES;
				CLANG_WARN_DIRECT_OBJC_ISA_USAGE = YES_ERROR;
				CLANG_WARN_DOCUMENTATION_COMMENTS = YES;
				CLANG_WARN_EMPTY_BODY = YES;
				CLANG_WARN_ENUM_CONVERSION = YES;
				CLANG_WARN_INFINITE_RECURSION = YES;
				CLANG_WARN_INT_CONVERSION = YES;
				CLANG_WARN_NON_LITERAL_NULL_CONVERSION = YES;
				CLANG_WARN_OBJC_IMPLICIT_RETAIN_SELF = YES;
				CLANG_WARN_OBJC_LITERAL_CONVERSION = YES;
				CLANG_WARN_OBJC_ROOT_CLASS = YES_ERROR;
				CLANG_WARN_QUOTED_INCLUDE_IN_FRAMEWORK_HEADER = YES;
				CLANG_WARN_RANGE_LOOP_ANALYSIS = YES;
				CLANG_WARN_STRICT_PROTOTYPES = YES;
				CLANG_WARN_SUSPICIOUS_MOVE = YES;
				CLANG_WARN_UNGUARDED_AVAILABILITY = YES_AGGRESSIVE;
				CLANG_WARN_UNREACHABLE_CODE = YES;
				CLANG_WARN__DUPLICATE_METHOD_MATCH = YES;
				COPY_PHASE_STRIP = NO;
				DEBUG_INFORMATION_FORMAT = "dwarf-with-dsym";
				DEVELOPMENT_TEAM = H4WKN2FSH3;
				ENABLE_NS_ASSERTIONS = NO;
				ENABLE_STRICT_OBJC_MSGSEND = YES;
				ENABLE_USER_SCRIPT_SANDBOXING = YES;
				EXCLUDED_ARCHS = "";
				GCC_C_LANGUAGE_STANDARD = gnu17;
				GCC_NO_COMMON_BLOCKS = YES;
				GCC_WARN_64_TO_32_BIT_CONVERSION = YES;
				GCC_WARN_ABOUT_RETURN_TYPE = YES_ERROR;
				GCC_WARN_UNDECLARED_SELECTOR = YES;
				GCC_WARN_UNINITIALIZED_AUTOS = YES_AGGRESSIVE;
				GCC_WARN_UNUSED_FUNCTION = YES;
				GCC_WARN_UNUSED_VARIABLE = YES;
				IPHONEOS_DEPLOYMENT_TARGET = 26.0;
				LOCALIZATION_PREFERS_STRING_CATALOGS = YES;
				MTL_ENABLE_DEBUG_INFO = NO;
				MTL_FAST_MATH = YES;
				PRODUCT_NAME = "";
				SDKROOT = iphoneos;
				SWIFT_COMPILATION_MODE = wholemodule;
				VALIDATE_PRODUCT = YES;
			};
			name = Release;
		};
		E44C62BC2FA1A5F800811B8D /* Debug */ = {
			isa = XCBuildConfiguration;
			buildSettings = {
				ASSETCATALOG_COMPILER_APPICON_NAME = AppIcon;
				ASSETCATALOG_COMPILER_GLOBAL_ACCENT_COLOR_NAME = AccentColor;
				CODE_SIGN_ENTITLEMENTS = "morse keyboard/morse keyboard.entitlements";
				CODE_SIGN_STYLE = Automatic;
				CURRENT_PROJECT_VERSION = 1;
				DEVELOPMENT_TEAM = H4WKN2FSH3;
				ENABLE_PREVIEWS = YES;
				GENERATE_INFOPLIST_FILE = YES;
				INFOPLIST_KEY_CFBundleDisplayName = "모스 키보드";
				INFOPLIST_KEY_UIApplicationSceneManifest_Generation = YES;
				INFOPLIST_KEY_UIApplicationSupportsIndirectInputEvents = YES;
				INFOPLIST_KEY_UILaunchScreen_Generation = YES;
				INFOPLIST_KEY_UISupportedInterfaceOrientations_iPad = "UIInterfaceOrientationPortrait UIInterfaceOrientationPortraitUpsideDown UIInterfaceOrientationLandscapeLeft UIInterfaceOrientationLandscapeRight";
				INFOPLIST_KEY_UISupportedInterfaceOrientations_iPhone = "UIInterfaceOrientationPortrait UIInterfaceOrientationLandscapeLeft UIInterfaceOrientationLandscapeRight";
				IPHONEOS_DEPLOYMENT_TARGET = 26.0;
				LD_RUNPATH_SEARCH_PATHS = (
					"$(inherited)",
					"@executable_path/Frameworks",
				);
				MARKETING_VERSION = 1.0;
				PRODUCT_BUNDLE_IDENTIFIER = "ijin-01.morse-keyboard";
				PRODUCT_NAME = "$(TARGET_NAME)";
				STRING_CATALOG_GENERATE_SYMBOLS = YES;
				SWIFT_APPROACHABLE_CONCURRENCY = YES;
				SWIFT_DEFAULT_ACTOR_ISOLATION = MainActor;
				SWIFT_EMIT_LOC_STRINGS = YES;
				SWIFT_UPCOMING_FEATURE_MEMBER_IMPORT_VISIBILITY = YES;
				SWIFT_VERSION = 5.0;
				TARGETED_DEVICE_FAMILY = "1,2";
			};
			name = Debug;
		};
		E44C62BD2FA1A5F800811B8D /* Release */ = {
			isa = XCBuildConfiguration;
			buildSettings = {
				ASSETCATALOG_COMPILER_APPICON_NAME = AppIcon;
				ASSETCATALOG_COMPILER_GLOBAL_ACCENT_COLOR_NAME = AccentColor;
				CODE_SIGN_ENTITLEMENTS = "morse keyboard/morse keyboard.entitlements";
				CODE_SIGN_STYLE = Automatic;
				CURRENT_PROJECT_VERSION = 1;
				DEVELOPMENT_TEAM = H4WKN2FSH3;
				ENABLE_PREVIEWS = YES;
				GENERATE_INFOPLIST_FILE = YES;
				INFOPLIST_KEY_CFBundleDisplayName = "모스 키보드";
				INFOPLIST_KEY_UIApplicationSceneManifest_Generation = YES;
				INFOPLIST_KEY_UIApplicationSupportsIndirectInputEvents = YES;
				INFOPLIST_KEY_UILaunchScreen_Generation = YES;
				INFOPLIST_KEY_UISupportedInterfaceOrientations_iPad = "UIInterfaceOrientationPortrait UIInterfaceOrientationPortraitUpsideDown UIInterfaceOrientationLandscapeLeft UIInterfaceOrientationLandscapeRight";
				INFOPLIST_KEY_UISupportedInterfaceOrientations_iPhone = "UIInterfaceOrientationPortrait UIInterfaceOrientationLandscapeLeft UIInterfaceOrientationLandscapeRight";
				IPHONEOS_DEPLOYMENT_TARGET = 26.0;
				LD_RUNPATH_SEARCH_PATHS = (
					"$(inherited)",
					"@executable_path/Frameworks",
				);
				MARKETING_VERSION = 1.0;
				PRODUCT_BUNDLE_IDENTIFIER = "ijin-01.morse-keyboard";
				PRODUCT_NAME = "$(TARGET_NAME)";
				STRING_CATALOG_GENERATE_SYMBOLS = YES;
				SWIFT_APPROACHABLE_CONCURRENCY = YES;
				SWIFT_DEFAULT_ACTOR_ISOLATION = MainActor;
				SWIFT_EMIT_LOC_STRINGS = YES;
				SWIFT_UPCOMING_FEATURE_MEMBER_IMPORT_VISIBILITY = YES;
				SWIFT_VERSION = 5.0;
				TARGETED_DEVICE_FAMILY = "1,2";
			};
			name = Release;
		};
		E44C62BF2FA1A5F800811B8D /* Debug */ = {
			isa = XCBuildConfiguration;
			buildSettings = {
				BUNDLE_LOADER = "$(TEST_HOST)";
				CODE_SIGN_STYLE = Automatic;
				CURRENT_PROJECT_VERSION = 1;
				DEVELOPMENT_TEAM = H4WKN2FSH3;
				GENERATE_INFOPLIST_FILE = YES;
				IPHONEOS_DEPLOYMENT_TARGET = 26.0;
				MARKETING_VERSION = 1.0;
				PRODUCT_BUNDLE_IDENTIFIER = "ijin-01.morse-keyboardTests";
				PRODUCT_NAME = "$(TARGET_NAME)";
				STRING_CATALOG_GENERATE_SYMBOLS = NO;
				SWIFT_APPROACHABLE_CONCURRENCY = YES;
				SWIFT_EMIT_LOC_STRINGS = NO;
				SWIFT_UPCOMING_FEATURE_MEMBER_IMPORT_VISIBILITY = YES;
				SWIFT_VERSION = 5.0;
				TARGETED_DEVICE_FAMILY = "1,2";
				TEST_HOST = "$(BUILT_PRODUCTS_DIR)/morse keyboard.app/$(BUNDLE_EXECUTABLE_FOLDER_PATH)/morse keyboard";
			};
			name = Debug;
		};
		E44C62C02FA1A5F800811B8D /* Release */ = {
			isa = XCBuildConfiguration;
			buildSettings = {
				BUNDLE_LOADER = "$(TEST_HOST)";
				CODE_SIGN_STYLE = Automatic;
				CURRENT_PROJECT_VERSION = 1;
				DEVELOPMENT_TEAM = H4WKN2FSH3;
				GENERATE_INFOPLIST_FILE = YES;
				IPHONEOS_DEPLOYMENT_TARGET = 26.0;
				MARKETING_VERSION = 1.0;
				PRODUCT_BUNDLE_IDENTIFIER = "ijin-01.morse-keyboardTests";
				PRODUCT_NAME = "$(TARGET_NAME)";
				STRING_CATALOG_GENERATE_SYMBOLS = NO;
				SWIFT_APPROACHABLE_CONCURRENCY = YES;
				SWIFT_EMIT_LOC_STRINGS = NO;
				SWIFT_UPCOMING_FEATURE_MEMBER_IMPORT_VISIBILITY = YES;
				SWIFT_VERSION = 5.0;
				TARGETED_DEVICE_FAMILY = "1,2";
				TEST_HOST = "$(BUILT_PRODUCTS_DIR)/morse keyboard.app/$(BUNDLE_EXECUTABLE_FOLDER_PATH)/morse keyboard";
			};
			name = Release;
		};
		E44C62C22FA1A5F800811B8D /* Debug */ = {
			isa = XCBuildConfiguration;
			buildSettings = {
				CODE_SIGN_STYLE = Automatic;
				CURRENT_PROJECT_VERSION = 1;
				DEVELOPMENT_TEAM = H4WKN2FSH3;
				GENERATE_INFOPLIST_FILE = YES;
				IPHONEOS_DEPLOYMENT_TARGET = 26.0;
				MARKETING_VERSION = 1.0;
				PRODUCT_BUNDLE_IDENTIFIER = "ijin-01.morse-keyboardUITests";
				PRODUCT_NAME = "$(TARGET_NAME)";
				STRING_CATALOG_GENERATE_SYMBOLS = NO;
				SWIFT_APPROACHABLE_CONCURRENCY = YES;
				SWIFT_EMIT_LOC_STRINGS = NO;
				SWIFT_UPCOMING_FEATURE_MEMBER_IMPORT_VISIBILITY = YES;
				SWIFT_VERSION = 5.0;
				TARGETED_DEVICE_FAMILY = "1,2";
				TEST_TARGET_NAME = "morse keyboard";
			};
			name = Debug;
		};
		E44C62C32FA1A5F800811B8D /* Release */ = {
			isa = XCBuildConfiguration;
			buildSettings = {
				CODE_SIGN_STYLE = Automatic;
				CURRENT_PROJECT_VERSION = 1;
				DEVELOPMENT_TEAM = H4WKN2FSH3;
				GENERATE_INFOPLIST_FILE = YES;
				IPHONEOS_DEPLOYMENT_TARGET = 26.0;
				MARKETING_VERSION = 1.0;
				PRODUCT_BUNDLE_IDENTIFIER = "ijin-01.morse-keyboardUITests";
				PRODUCT_NAME = "$(TARGET_NAME)";
				STRING_CATALOG_GENERATE_SYMBOLS = NO;
				SWIFT_APPROACHABLE_CONCURRENCY = YES;
				SWIFT_EMIT_LOC_STRINGS = NO;
				SWIFT_UPCOMING_FEATURE_MEMBER_IMPORT_VISIBILITY = YES;
				SWIFT_VERSION = 5.0;
				TARGETED_DEVICE_FAMILY = "1,2";
				TEST_TARGET_NAME = "morse keyboard";
			};
			name = Release;
		};
		E44C62D22FA1A62500811B8D /* Debug */ = {
			isa = XCBuildConfiguration;
			buildSettings = {
				CODE_SIGN_ENTITLEMENTS = keyboard/keyboard.entitlements;
				CODE_SIGN_STYLE = Automatic;
				CURRENT_PROJECT_VERSION = 1;
				DEVELOPMENT_TEAM = H4WKN2FSH3;
				GENERATE_INFOPLIST_FILE = YES;
				INFOPLIST_FILE = keyboard/Info.plist;
				INFOPLIST_KEY_CFBundleDisplayName = "모스 키보드";
				INFOPLIST_KEY_NSHumanReadableCopyright = "";
				IPHONEOS_DEPLOYMENT_TARGET = 26.0;
				LD_RUNPATH_SEARCH_PATHS = (
					"$(inherited)",
					"@executable_path/Frameworks",
					"@executable_path/../../Frameworks",
				);
				MARKETING_VERSION = 1.0;
				PRODUCT_BUNDLE_IDENTIFIER = "ijin-01.morse-keyboard.keyboard";
				PRODUCT_NAME = "$(TARGET_NAME)";
				SKIP_INSTALL = YES;
				STRING_CATALOG_GENERATE_SYMBOLS = YES;
				SWIFT_APPROACHABLE_CONCURRENCY = YES;
				SWIFT_EMIT_LOC_STRINGS = YES;
				SWIFT_UPCOMING_FEATURE_MEMBER_IMPORT_VISIBILITY = YES;
				SWIFT_VERSION = 5.0;
				TARGETED_DEVICE_FAMILY = "1,2";
			};
			name = Debug;
		};
		E44C62D32FA1A62500811B8D /* Release */ = {
			isa = XCBuildConfiguration;
			buildSettings = {
				CODE_SIGN_ENTITLEMENTS = keyboard/keyboard.entitlements;
				CODE_SIGN_STYLE = Automatic;
				CURRENT_PROJECT_VERSION = 1;
				DEVELOPMENT_TEAM = H4WKN2FSH3;
				GENERATE_INFOPLIST_FILE = YES;
				INFOPLIST_FILE = keyboard/Info.plist;
				INFOPLIST_KEY_CFBundleDisplayName = "모스 키보드";
				INFOPLIST_KEY_NSHumanReadableCopyright = "";
				IPHONEOS_DEPLOYMENT_TARGET = 26.0;
				LD_RUNPATH_SEARCH_PATHS = (
					"$(inherited)",
					"@executable_path/Frameworks",
					"@executable_path/../../Frameworks",
				);
				MARKETING_VERSION = 1.0;
				PRODUCT_BUNDLE_IDENTIFIER = "ijin-01.morse-keyboard.keyboard";
				PRODUCT_NAME = "$(TARGET_NAME)";
				SKIP_INSTALL = YES;
				STRING_CATALOG_GENERATE_SYMBOLS = YES;
				SWIFT_APPROACHABLE_CONCURRENCY = YES;
				SWIFT_EMIT_LOC_STRINGS = YES;
				SWIFT_UPCOMING_FEATURE_MEMBER_IMPORT_VISIBILITY = YES;
				SWIFT_VERSION = 5.0;
				TARGETED_DEVICE_FAMILY = "1,2";
			};
			name = Release;
		};
/* End XCBuildConfiguration section */

/* Begin XCConfigurationList section */
		E44C62952FA1A5F500811B8D /* Build configuration list for PBXProject "morse keyboard" */ = {
			isa = XCConfigurationList;
			buildConfigurations = (
				E44C62B92FA1A5F800811B8D /* Debug */,
				E44C62BA2FA1A5F800811B8D /* Release */,
			);
			defaultConfigurationIsVisible = 0;
			defaultConfigurationName = Release;
		};
		E44C62BB2FA1A5F800811B8D /* Build configuration list for PBXNativeTarget "morse keyboard" */ = {
			isa = XCConfigurationList;
			buildConfigurations = (
				E44C62BC2FA1A5F800811B8D /* Debug */,
				E44C62BD2FA1A5F800811B8D /* Release */,
			);
			defaultConfigurationIsVisible = 0;
			defaultConfigurationName = Release;
		};
		E44C62BE2FA1A5F800811B8D /* Build configuration list for PBXNativeTarget "morse keyboardTests" */ = {
			isa = XCConfigurationList;
			buildConfigurations = (
				E44C62BF2FA1A5F800811B8D /* Debug */,
				E44C62C02FA1A5F800811B8D /* Release */,
			);
			defaultConfigurationIsVisible = 0;
			defaultConfigurationName = Release;
		};
		E44C62C12FA1A5F800811B8D /* Build configuration list for PBXNativeTarget "morse keyboardUITests" */ = {
			isa = XCConfigurationList;
			buildConfigurations = (
				E44C62C22FA1A5F800811B8D /* Debug */,
				E44C62C32FA1A5F800811B8D /* Release */,
			);
			defaultConfigurationIsVisible = 0;
			defaultConfigurationName = Release;
		};
		E44C62D12FA1A62500811B8D /* Build configuration list for PBXNativeTarget "keyboard" */ = {
			isa = XCConfigurationList;
			buildConfigurations = (
				E44C62D22FA1A62500811B8D /* Debug */,
				E44C62D32FA1A62500811B8D /* Release */,
			);
			defaultConfigurationIsVisible = 0;
			defaultConfigurationName = Release;
		};
/* End XCConfigurationList section */
	};
	rootObject = E44C62922FA1A5F500811B8D /* Project object */;
}
